# THIS IS AN AUTOGENERATED FILE. DO NOT EDIT THIS FILE DIRECTLY.
# yarn lockfile v1


"@babylonjs/core@5.0.0-alpha.18":
  version "5.0.0-alpha.18"
  resolved "https://registry.yarnpkg.com/@babylonjs/core/-/core-5.0.0-alpha.18.tgz#6b931848ab4568dc8d75bb6b3d04189d22edc4ca"
  integrity sha512-gWQO7QXDl6At/I/8bD33YV1L45BoSZ8GsOLamgsSwzPtYtMC/nG/FNxOS9xABYYtXAA7t3PxobmTNqBdWsNQIg==
  dependencies:
    tslib "^2.1.0"

"@babylonjs/gui@5.0.0-alpha.18":
  version "5.0.0-alpha.18"
  resolved "https://registry.yarnpkg.com/@babylonjs/gui/-/gui-5.0.0-alpha.18.tgz#1724d22d451ab740db6afd899a0ae472a90f6773"
  integrity sha512-dJkgJLO+oFTTqf5nyuNdiJOcQUHwguDC/C0jf4NKYfvwQFZsiS6H4Ff0F1Etwi+EiKBe09y/Myjr33iNysrwLw==
  dependencies:
    "@babylonjs/core" "5.0.0-alpha.18"
    tslib "^2.1.0"

"@babylonjs/inspector@5.0.0-alpha.18":
  version "5.0.0-alpha.18"
  resolved "https://registry.yarnpkg.com/@babylonjs/inspector/-/inspector-5.0.0-alpha.18.tgz#9f7d702ea9e6d3aaebbbc3179362cecf688d8d84"
  integrity sha512-iH1fT/X+H6B0otW0Bex5a7D3U+XXn+E9OP7cTku7nVwTX8DUjA1AO3KOxRpsXgYLYvuklgGzOWpUNOu8H0Gelw==
  dependencies:
    "@babylonjs/core" "5.0.0-alpha.18"
    "@babylonjs/gui" "5.0.0-alpha.18"
    "@babylonjs/loaders" "5.0.0-alpha.18"
    "@babylonjs/materials" "5.0.0-alpha.18"
    "@babylonjs/serializers" "5.0.0-alpha.18"
    babylonjs-gltf2interface "5.0.0-alpha.18"
    tslib "^2.1.0"

"@babylonjs/loaders@5.0.0-alpha.18":
  version "5.0.0-alpha.18"
  resolved "https://registry.yarnpkg.com/@babylonjs/loaders/-/loaders-5.0.0-alpha.18.tgz#230a58d9d7fa85203bc2245fb44180e16b402813"
  integrity sha512-Q/EVFE21aKGuqt3Vy0m6aWufsYrrsG6Y3bB5hQhKsrwSFZ16PqWVeRDIxERD3XOzil7ij4z3PcUx3r5pXlV8UA==
  dependencies:
    "@babylonjs/core" "5.0.0-alpha.18"
    babylonjs-gltf2interface "5.0.0-alpha.18"
    tslib "^2.1.0"

"@babylonjs/materials@5.0.0-alpha.18":
  version "5.0.0-alpha.18"
  resolved "https://registry.yarnpkg.com/@babylonjs/materials/-/materials-5.0.0-alpha.18.tgz#c440241abc4edd5febdcd4b47f2b80c66a3c1fce"
  integrity sha512-8EvezDjpwo3e3kQsebjcId7WKRc2zzmRG8jYTK8DPemOUMgvLMB8D4W7F9QexBj+5DdG+5E8nJAUL3sy3E1udw==
  dependencies:
    "@babylonjs/core" "5.0.0-alpha.18"
    tslib "^2.1.0"

"@babylonjs/serializers@5.0.0-alpha.18":
  version "5.0.0-alpha.18"
  resolved "https://registry.yarnpkg.com/@babylonjs/serializers/-/serializers-5.0.0-alpha.18.tgz#f76063b51f45dd4da85b969759fc46d1bc49bebf"
  integrity sha512-gk0jX9iIVCVpIMpoPs6S3FU6o7iLedwAVN5GYaQnywJNQzXHmeWXOBoXUscgZghvIs4vKxReeOpDPTqe10rj5w==
  dependencies:
    "@babylonjs/core" "5.0.0-alpha.18"
    babylonjs-gltf2interface "5.0.0-alpha.18"
    tslib "^2.1.0"

"ammo.js@github:kripken/ammo.js":
  version "0.0.2"
  resolved "https://codeload.github.com/kripken/ammo.js/tar.gz/99d0ec0b1e26d7ccc13e013caba8e8a5c98d953b"

babylonjs-gltf2interface@5.0.0-alpha.18:
  version "5.0.0-alpha.18"
  resolved "https://registry.yarnpkg.com/babylonjs-gltf2interface/-/babylonjs-gltf2interface-5.0.0-alpha.18.tgz#79aa7c5417d3e01a5a687d95999f1da92df5bf06"
  integrity sha512-av51Mu564cHx3YfCp4Yh9Zm3xMCsR/V1l/MVzrIqeEe4jIJ3a/lIzKMkAxiDQbuRgF4rt9fTyn5vuuIG9NABwQ==

cannon-es@^0.17.0:
  version "0.17.0"
  resolved "https://registry.yarnpkg.com/cannon-es/-/cannon-es-0.17.0.tgz#8ddf149000d3fbb1343410b2bc40880597c2cfd5"
  integrity sha512-62ASeop8hqV2E/an8ChQUOmZHO0t/h1cVFqwZ3SOEhvwZEVk4uDqPIxN5ghW3dE9RERF6SKuQ865pdvy4vD+XA==

colorette@^1.2.2:
  version "1.2.2"
  resolved "https://registry.yarnpkg.com/colorette/-/colorette-1.2.2.tgz#cbcc79d5e99caea2dbf10eb3a26fd8b3e6acfa94"
  integrity sha512-MKGMzyfeuutC/ZJ1cba9NqcNpfeqMUcYmyF1ZFY6/Cn7CNSAKx6a+s48sqLqyAiZuaP2TcqMhoo+dlwFnVxT9w==

esbuild@^0.9.3:
  version "0.9.7"
  resolved "https://registry.yarnpkg.com/esbuild/-/esbuild-0.9.7.tgz#ea0d639cbe4b88ec25fbed4d6ff00c8d788ef70b"
  integrity sha512-VtUf6aQ89VTmMLKrWHYG50uByMF4JQlVysb8dmg6cOgW8JnFCipmz7p+HNBl+RR3LLCuBxFGVauAe2wfnF9bLg==

fsevents@~2.3.1:
  version "2.3.2"
  resolved "https://registry.yarnpkg.com/fsevents/-/fsevents-2.3.2.tgz#8a526f78b8fdf4623b709e0b975c52c24c02fd1a"
  integrity sha512-xiqMQR4xAeHTuB9uWm+fFRcIOgKBMiOBP+eXiyT7jsgVCq1bkVygt00oASowB7EdtpOHaaPgKt812P9ab+DDKA==

function-bind@^1.1.1:
  version "1.1.1"
  resolved "https://registry.yarnpkg.com/function-bind/-/function-bind-1.1.1.tgz#a56899d3ea3c9bab874bb9773b7c5ede92f4895d"
  integrity sha512-yIovAzMX49sF8Yl58fSCWJ5svSLuaibPxXQJFLmBObTuCr0Mf1KiPopGM9NiFjiYBCbfaa2Fh6breQ6ANVTI0A==

has@^1.0.3:
  version "1.0.3"
  resolved "https://registry.yarnpkg.com/has/-/has-1.0.3.tgz#722d7cbfc1f6aa8241f16dd814e011e1f41e8796"
  integrity sha512-f2dvO0VU6Oej7RkWJGrehjbzMAjFp5/VKPp5tTpWIV4JHHZK1/BxbFRtf/siA2SWTe09caDmVtYYzWEIbBS4zw==
  dependencies:
    function-bind "^1.1.1"

is-core-module@^2.2.0:
  version "2.2.0"
  resolved "https://registry.yarnpkg.com/is-core-module/-/is-core-module-2.2.0.tgz#97037ef3d52224d85163f5597b2b63d9afed981a"
  integrity sha512-XRAfAdyyY5F5cOXn7hYQDqh2Xmii+DEfIcQGxK/uNwMHhIkPWO0g8msXcbzLe+MpGoR951MlqM/2iIlU4vKDdQ==
  dependencies:
    has "^1.0.3"

nanoid@^3.1.22:
  version "3.1.22"
  resolved "https://registry.yarnpkg.com/nanoid/-/nanoid-3.1.22.tgz#b35f8fb7d151990a8aebd5aa5015c03cf726f844"
  integrity sha512-/2ZUaJX2ANuLtTvqTlgqBQNJoQO398KyJgZloL0PZkC0dpysjncRUPsFe3DUPzz/y3h+u7C46np8RMuvF3jsSQ==

path-parse@^1.0.6:
  version "1.0.6"
  resolved "https://registry.yarnpkg.com/path-parse/-/path-parse-1.0.6.tgz#d62dbb5679405d72c4737ec58600e9ddcf06d24c"
  integrity sha512-GSmOT2EbHrINBf9SR7CDELwlJ8AENk3Qn7OikK4nFYAu3Ote2+JYNVvkpAEQm3/TLNEJFD/xZJjzyxg3KBWOzw==

postcss@^8.2.1:
  version "8.2.10"
  resolved "https://registry.yarnpkg.com/postcss/-/postcss-8.2.10.tgz#ca7a042aa8aff494b334d0ff3e9e77079f6f702b"
  integrity sha512-b/h7CPV7QEdrqIxtAf2j31U5ef05uBDuvoXv6L51Q4rcS1jdlXAVKJv+atCFdUXYl9dyTHGyoMzIepwowRJjFw==
  dependencies:
    colorette "^1.2.2"
    nanoid "^3.1.22"
    source-map "^0.6.1"

prettier@^2.2.1:
  version "2.2.1"
  resolved "https://registry.yarnpkg.com/prettier/-/prettier-2.2.1.tgz#795a1a78dd52f073da0cd42b21f9c91381923ff5"
  integrity sha512-PqyhM2yCjg/oKkFPtTGUojv7gnZAoG80ttl45O6x2Ug/rMJw4wcc9k6aaf2hibP7BGVCCM33gZoGjyvt9mm16Q==

resolve@^1.19.0:
  version "1.20.0"
  resolved "https://registry.yarnpkg.com/resolve/-/resolve-1.20.0.tgz#629a013fb3f70755d6f0b7935cc1c2c5378b1975"
  integrity sha512-wENBPt4ySzg4ybFQW2TT1zMQucPK95HSh/nq2CFTZVOGut2+pQvSsgtda4d26YrYcr067wjbmzOG8byDPBX63A==
  dependencies:
    is-core-module "^2.2.0"
    path-parse "^1.0.6"

rollup@^2.38.5:
  version "2.45.2"
  resolved "https://registry.yarnpkg.com/rollup/-/rollup-2.45.2.tgz#8fb85917c9f35605720e92328f3ccbfba6f78b48"
  integrity sha512-kRRU7wXzFHUzBIv0GfoFFIN3m9oteY4uAsKllIpQDId5cfnkWF2J130l+27dzDju0E6MScKiV0ZM5Bw8m4blYQ==
  optionalDependencies:
    fsevents "~2.3.1"

source-map@^0.6.1:
  version "0.6.1"
  resolved "https://registry.yarnpkg.com/source-map/-/source-map-0.6.1.tgz#74722af32e9614e9c287a8d0bbde48b5e2f1a263"
  integrity sha512-UjgapumWlbMhkBgzT7Ykc5YXUT46F0iKu8SGXq0bcwP5dz/h0Plj6enJqjz1Zbq2l5WaqYnrVbwWOWMyF3F47g==

tslib@^2.1.0:
  version "2.2.0"
  resolved "https://registry.yarnpkg.com/tslib/-/tslib-2.2.0.tgz#fb2c475977e35e241311ede2693cee1ec6698f5c"
  integrity sha512-gS9GVHRU+RGn5KQM2rllAlR3dU6m7AcpJKdtH8gFvQiC4Otgk98XnmMU+nZenHt/+VhnBPWwgrJsyrdcw6i23w==

typescript@^4.2.4:
  version "4.2.4"
  resolved "https://registry.yarnpkg.com/typescript/-/typescript-4.2.4.tgz#8610b59747de028fda898a8aef0e103f156d0961"
  integrity sha512-V+evlYHZnQkaz8TRBuxTA92yZBPotr5H+WhQ7bD3hZUndx5tGOa1fuCgeSjxAzM1RiN5IzvadIXTVefuuwZCRg==

vite@^2.1.5:
  version "2.1.5"
  resolved "https://registry.yarnpkg.com/vite/-/vite-2.1.5.tgz#4857da441c62f7982c83cbd5f42a00330f20c9c1"
  integrity sha512-tYU5iaYeUgQYvK/CNNz3tiJ8vYqPWfCE9IQ7K0iuzYovWw7lzty7KRYGWwV3CQPh0NKxWjOczAqiJsCL0Xb+Og==
  dependencies:
    esbuild "^0.9.3"
    postcss "^8.2.1"
    resolve "^1.19.0"
    rollup "^2.38.5"
  optionalDependencies:
    fsevents "~2.3.1"
